
Microsoft Visual Studio Solution File, Format Version 12.00
# Visual Studio Version 16
VisualStudioVersion = 16.0.30104.148
MinimumVisualStudioVersion = 10.0.40219.1
Project("{FAE04EC0-301F-11D3-BF4B-00C04F79EFBC}") = "WpfExemPM.01", "WpfExemPM.01\WpfExemPM.01.csproj", "{083D4FEA-B396-4628-A96A-142EF2FA114A}"
EndProject
Project("{FAE04EC0-301F-11D3-BF4B-00C04F79EFBC}") = "LibrarySale", "LibrarySale\LibrarySale.csproj", "{B6D57FD0-625F-4154-AB43-A0F9A85834BE}"
EndProject
Project("{FAE04EC0-301F-11D3-BF4B-00C04F79EFBC}") = "NUnitTestProjectSale", "NUnitTestProjectSale\NUnitTestProjectSale.csproj", "{6CE8A196-A05A-43BB-973A-4CA7F6F0F2AA}"
EndProject
Global
	GlobalSection(SolutionConfigurationPlatforms) = preSolution
		Debug|Any CPU = Debug|Any CPU
		Release|Any CPU = Release|Any CPU
	EndGlobalSection
	GlobalSection(ProjectConfigurationPlatforms) = postSolution
		{083D4FEA-B396-4628-A96A-142EF2FA114A}.Debug|Any CPU.ActiveCfg = Debug|Any CPU
		{083D4FEA-B396-4628-A96A-142EF2FA114A}.Debug|Any CPU.Build.0 = Debug|Any CPU
		{083D4FEA-B396-4628-A96A-142EF2FA114A}.Release|Any CPU.ActiveCfg = Release|Any CPU
		{083D4FEA-B396-4628-A96A-142EF2FA114A}.Release|Any CPU.Build.0 = Release|Any CPU
		{B6D57FD0-625F-4154-AB43-A0F9A85834BE}.Debug|Any CPU.ActiveCfg = Debug|Any CPU
		{B6D57FD0-625F-4154-AB43-A0F9A85834BE}.Debug|Any CPU.Build.0 = Debug|Any CPU
		{B6D57FD0-625F-4154-AB43-A0F9A85834BE}.Release|Any CPU.ActiveCfg = Release|Any CPU
		{B6D57FD0-625F-4154-AB43-A0F9A85834BE}.Release|Any CPU.Build.0 = Release|Any CPU
		{6CE8A196-A05A-43BB-973A-4CA7F6F0F2AA}.Debug|Any CPU.ActiveCfg = Debug|Any CPU
		{6CE8A196-A05A-43BB-973A-4CA7F6F0F2AA}.Debug|Any CPU.Build.0 = Debug|Any CPU
		{6CE8A196-A05A-43BB-973A-4CA7F6F0F2AA}.Release|Any CPU.ActiveCfg = Release|Any CPU
		{6CE8A196-A05A-43BB-973A-4CA7F6F0F2AA}.Release|Any CPU.Build.0 = Release|Any CPU
	EndGlobalSection
	GlobalSection(SolutionProperties) = preSolution
		HideSolutionNode = FALSE
	EndGlobalSection
	GlobalSection(ExtensibilityGlobals) = postSolution
		SolutionGuid = {A30E3CC0-885F-4CD1-9835-37D06AFDE793}
	EndGlobalSection
EndGlobal
